
Microsoft Visual Studio Solution File, Format Version 12.00
# Visual Studio Version 17
VisualStudioVersion = 17.3.32825.248
MinimumVisualStudioVersion = 10.0.40219.1
Project("{9A19103F-16F7-4668-BE54-9A1E7A4F7556}") = "Picker", "Picker.csproj", "{92D243C2-18F9-44F1-BA13-E6D733803A33}"
EndProject
Project("{9A19103F-16F7-4668-BE54-9A1E7A4F7556}") = "Pickerlib", "..\libs\Pickerlib\Pickerlib.csproj", "{AC397541-D192-47E0-B19C-746CB17CCF81}"
EndProject
Global
	GlobalSection(SolutionConfigurationPlatforms) = preSolution
		Debug|Any CPU = Debug|Any CPU
		Release|Any CPU = Release|Any CPU
	EndGlobalSection
	GlobalSection(ProjectConfigurationPlatforms) = postSolution
		{92D243C2-18F9-44F1-BA13-E6D733803A33}.Debug|Any CPU.ActiveCfg = Debug|Any CPU
		{92D243C2-18F9-44F1-BA13-E6D733803A33}.Debug|Any CPU.Build.0 = Debug|Any CPU
		{92D243C2-18F9-44F1-BA13-E6D733803A33}.Release|Any CPU.ActiveCfg = Debug|Any CPU
		{92D243C2-18F9-44F1-BA13-E6D733803A33}.Release|Any CPU.Build.0 = Debug|Any CPU
		{AC397541-D192-47E0-B19C-746CB17CCF81}.Debug|Any CPU.ActiveCfg = Debug|Any CPU
		{AC397541-D192-47E0-B19C-746CB17CCF81}.Debug|Any CPU.Build.0 = Debug|Any CPU
		{AC397541-D192-47E0-B19C-746CB17CCF81}.Release|Any CPU.ActiveCfg = Release|Any CPU
		{AC397541-D192-47E0-B19C-746CB17CCF81}.Release|Any CPU.Build.0 = Release|Any CPU
	EndGlobalSection
	GlobalSection(SolutionProperties) = preSolution
		HideSolutionNode = FALSE
	EndGlobalSection
	GlobalSection(ExtensibilityGlobals) = postSolution
		SolutionGuid = {34866643-31B8-4C6D-9853-0A5E402F0062}
	EndGlobalSection
EndGlobal
